
Microsoft Visual Studio Solution File, Format Version 12.00
# Visual Studio Version 16
VisualStudioVersion = 16.0.29728.190
MinimumVisualStudioVersion = 10.0.40219.1
Project("{FAE04EC0-301F-11D3-BF4B-00C04F79EFBC}") = "LemonIcon", "LemonIcon\LemonIcon.csproj", "{840E71A3-C893-4EB1-9CBD-1FBAB7B35C00}"
EndProject
Global
	GlobalSection(SolutionConfigurationPlatforms) = preSolution
		Debug|Any CPU = Debug|Any CPU
		Release|Any CPU = Release|Any CPU
	EndGlobalSection
	GlobalSection(ProjectConfigurationPlatforms) = postSolution
		{840E71A3-C893-4EB1-9CBD-1FBAB7B35C00}.Debug|Any CPU.ActiveCfg = Debug|Any CPU
		{840E71A3-C893-4EB1-9CBD-1FBAB7B35C00}.Debug|Any CPU.Build.0 = Debug|Any CPU
		{840E71A3-C893-4EB1-9CBD-1FBAB7B35C00}.Release|Any CPU.ActiveCfg = Release|Any CPU
		{840E71A3-C893-4EB1-9CBD-1FBAB7B35C00}.Release|Any CPU.Build.0 = Release|Any CPU
	EndGlobalSection
	GlobalSection(SolutionProperties) = preSolution
		HideSolutionNode = FALSE
	EndGlobalSection
	GlobalSection(ExtensibilityGlobals) = postSolution
		SolutionGuid = {89571AE8-BB80-4791-9E2D-BDA3056582CE}
	EndGlobalSection
EndGlobal
